<?xml version="1.0" encoding="utf-8"?>
<Project ToolsVersion="4.0" xmlns="http://schemas.microsoft.com/developer/msbuild/2003">
  <ItemGroup>
    <Filter Include="Converter">
      <UniqueIdentifier>{69806625-7de9-45dd-b78a-f316bb566b2c}</UniqueIdentifier>
    </Filter>
    <Filter Include="TypeName">
      <UniqueIdentifier>{c18403aa-7856-4d98-afce-ffd254679fee}</UniqueIdentifier>
    </Filter>
    <Filter Include="SwitchPresenter">
      <UniqueIdentifier>{cffca7e2-d098-490a-95d6-fc5d30c97956}</UniqueIdentifier>
    </Filter>
    <Filter Include="Extensions">
      <UniqueIdentifier>{327375bf-94f2-4271-89a3-1e31946d17a2}</UniqueIdentifier>
    </Filter>
    <Filter Include="Triggers">
      <UniqueIdentifier>{84ed1ee2-9f0e-4b31-bd1b-8c7b0a8ebf7a}</UniqueIdentifier>
    </Filter>
    <Filter Include="WrapPanel">
      <UniqueIdentifier>{069cba29-5d44-4957-b63b-8191e5b273ee}</UniqueIdentifier>
    </Filter>
    <Filter Include="internal">
      <UniqueIdentifier>{155cc2f9-fa28-4099-b25a-92b147541d86}</UniqueIdentifier>
    </Filter>
    <Filter Include="DependentValue">
      <UniqueIdentifier>{b99f07e3-4752-4b22-a901-08b4635add30}</UniqueIdentifier>
    </Filter>
  </ItemGroup>
  <ItemGroup>
    <Midl Include="$(MSBuildThisFileDirectory)Convert.idl">
      <Filter>Converter</Filter>
    </Midl>
    <Midl Include="$(MSBuildThisFileDirectory)TypeNameExtension.idl">
      <Filter>TypeName</Filter>
    </Midl>
    <Midl Include="$(MSBuildThisFileDirectory)CaseCollection.idl">
      <Filter>SwitchPresenter</Filter>
    </Midl>
    <Midl Include="$(MSBuildThisFileDirectory)SwitchPresenter.idl">
      <Filter>SwitchPresenter</Filter>
    </Midl>
    <Midl Include="$(MSBuildThisFileDirectory)Case.idl">
      <Filter>SwitchPresenter</Filter>
    </Midl>
    <Midl Include="$(MSBuildThisFileDirectory)BoolToVisibilityConverter.idl">
      <Filter>Converter</Filter>
    </Midl>
    <Midl Include="$(MSBuildThisFileDirectory)ContainerToBoolConverter.idl">
      <Filter>Converter</Filter>
    </Midl>
    <Midl Include="$(MSBuildThisFileDirectory)NegateBoolConverter.idl">
      <Filter>Converter</Filter>
    </Midl>
    <Midl Include="$(MSBuildThisFileDirectory)ReferenceToBoolConverter.idl">
      <Filter>Converter</Filter>
    </Midl>
    <Midl Include="$(MSBuildThisFileDirectory)ConverterGroup.idl">
      <Filter>Converter</Filter>
    </Midl>
    <Midl Include="$(MSBuildThisFileDirectory)StringToBoolConverter.idl">
      <Filter>Converter</Filter>
    </Midl>
    <Midl Include="$(MSBuildThisFileDirectory)CursorController.idl">
      <Filter>Extensions</Filter>
    </Midl>
    <Midl Include="$(MSBuildThisFileDirectory)ImageExtension.idl" />
    <Midl Include="$(MSBuildThisFileDirectory)FontIconExtension.idl">
      <Filter>Extensions</Filter>
    </Midl>
    <Midl Include="$(MSBuildThisFileDirectory)UIElementExtension.idl">
      <Filter>Extensions</Filter>
    </Midl>
    <Midl Include="$(MSBuildThisFileDirectory)ControlSizeTrigger.idl">
      <Filter>Triggers</Filter>
    </Midl>
    <Midl Include="$(MSBuildThisFileDirectory)IsEqualStateTrigger.idl">
      <Filter>Triggers</Filter>
    </Midl>
    <Midl Include="$(MSBuildThisFileDirectory)IsNullOrEmptyStateTrigger.idl">
      <Filter>Triggers</Filter>
    </Midl>
    <Midl Include="$(MSBuildThisFileDirectory)WrapPanel.idl">
      <Filter>WrapPanel</Filter>
    </Midl>
    <Midl Include="$(MSBuildThisFileDirectory)DependentValue.idl">
      <Filter>DependentValue</Filter>
    </Midl>
  </ItemGroup>
  <ItemGroup>
    <ClInclude Include="$(MSBuildThisFileDirectory)Convert.h">
      <Filter>Converter</Filter>
    </ClInclude>
    <ClInclude Include="$(MSBuildThisFileDirectory)TypeNameExtension.h">
      <Filter>TypeName</Filter>
    </ClInclude>
    <ClInclude Include="$(MSBuildThisFileDirectory)CaseCollection.h">
      <Filter>SwitchPresenter</Filter>
    </ClInclude>
    <ClInclude Include="$(MSBuildThisFileDirectory)SwitchPresenter.h">
      <Filter>SwitchPresenter</Filter>
    </ClInclude>
    <ClInclude Include="$(MSBuildThisFileDirectory)Case.h">
      <Filter>SwitchPresenter</Filter>
    </ClInclude>
    <ClInclude Include="$(MSBuildThisFileDirectory)BoolToVisibilityConverter.h">
      <Filter>Converter</Filter>
    </ClInclude>
    <ClInclude Include="$(MSBuildThisFileDirectory)ContainerToBoolConverter.h">
      <Filter>Converter</Filter>
    </ClInclude>
    <ClInclude Include="$(MSBuildThisFileDirectory)NegateBoolConverter.h">
      <Filter>Converter</Filter>
    </ClInclude>
    <ClInclude Include="$(MSBuildThisFileDirectory)ReferenceToBoolConverter.h">
      <Filter>Converter</Filter>
    </ClInclude>
    <ClInclude Include="$(MSBuildThisFileDirectory)ConverterGroup.h">
      <Filter>Converter</Filter>
    </ClInclude>
    <ClInclude Include="$(MSBuildThisFileDirectory)StringToBoolConverter.h">
      <Filter>Converter</Filter>
    </ClInclude>
    <ClInclude Include="$(MSBuildThisFileDirectory)ReverseConverterBase.hpp">
      <Filter>Converter</Filter>
    </ClInclude>
    <ClInclude Include="$(MSBuildThisFileDirectory)CursorController.h">
      <Filter>Extensions</Filter>
    </ClInclude>
    <ClInclude Include="$(MSBuildThisFileDirectory)ImageExtension.h" />
    <ClInclude Include="$(MSBuildThisFileDirectory)FontIconExtension.h">
      <Filter>Extensions</Filter>
    </ClInclude>
    <ClInclude Include="$(MSBuildThisFileDirectory)UIElementExtension.h">
      <Filter>Extensions</Filter>
    </ClInclude>
    <ClInclude Include="$(MSBuildThisFileDirectory)ControlSizeTrigger.h">
      <Filter>Triggers</Filter>
    </ClInclude>
    <ClInclude Include="$(MSBuildThisFileDirectory)IsEqualStateTrigger.h">
      <Filter>Triggers</Filter>
    </ClInclude>
    <ClInclude Include="$(MSBuildThisFileDirectory)IsNullOrEmptyStateTrigger.h">
      <Filter>Triggers</Filter>
    </ClInclude>
    <ClInclude Include="$(MSBuildThisFileDirectory)WrapPanel.h">
      <Filter>WrapPanel</Filter>
    </ClInclude>
    <ClInclude Include="$(MSBuildThisFileDirectory)ObjectCompare.h">
      <Filter>internal</Filter>
    </ClInclude>
    <ClInclude Include="$(MSBuildThisFileDirectory)DependentValue.h">
      <Filter>DependentValue</Filter>
    </ClInclude>
  </ItemGroup>
  <ItemGroup>
    <ClCompile Include="$(MSBuildThisFileDirectory)Convert.cpp">
      <Filter>Converter</Filter>
    </ClCompile>
    <ClCompile Include="$(MSBuildThisFileDirectory)TypeNameExtension.cpp">
      <Filter>TypeName</Filter>
    </ClCompile>
    <ClCompile Include="$(MSBuildThisFileDirectory)SwitchPresenter.cpp">
      <Filter>SwitchPresenter</Filter>
    </ClCompile>
    <ClCompile Include="$(MSBuildThisFileDirectory)Case.cpp">
      <Filter>SwitchPresenter</Filter>
    </ClCompile>
    <ClCompile Include="$(MSBuildThisFileDirectory)CaseCollection.cpp">
      <Filter>SwitchPresenter</Filter>
    </ClCompile>
    <ClCompile Include="$(MSBuildThisFileDirectory)BoolToVisibilityConverter.cpp">
      <Filter>Converter</Filter>
    </ClCompile>
    <ClCompile Include="$(MSBuildThisFileDirectory)ContainerToBoolConverter.cpp">
      <Filter>Converter</Filter>
    </ClCompile>
    <ClCompile Include="$(MSBuildThisFileDirectory)NegateBoolConverter.cpp">
      <Filter>Converter</Filter>
    </ClCompile>
    <ClCompile Include="$(MSBuildThisFileDirectory)ReferenceToBoolConverter.cpp">
      <Filter>Converter</Filter>
    </ClCompile>
    <ClCompile Include="$(MSBuildThisFileDirectory)ConverterGroup.cpp">
      <Filter>Converter</Filter>
    </ClCompile>
    <ClCompile Include="$(MSBuildThisFileDirectory)StringToBoolConverter.cpp">
      <Filter>Converter</Filter>
    </ClCompile>
    <ClCompile Include="$(MSBuildThisFileDirectory)CursorController.cpp">
      <Filter>Extensions</Filter>
    </ClCompile>
    <ClCompile Include="$(MSBuildThisFileDirectory)ImageExtension.cpp" />
    <ClCompile Include="$(MSBuildThisFileDirectory)FontIconExtension.cpp">
      <Filter>Extensions</Filter>
    </ClCompile>
    <ClCompile Include="$(MSBuildThisFileDirectory)UIElementExtension.cpp">
      <Filter>Extensions</Filter>
    </ClCompile>
    <ClCompile Include="$(MSBuildThisFileDirectory)ControlSizeTrigger.cpp">
      <Filter>Triggers</Filter>
    </ClCompile>
    <ClCompile Include="$(MSBuildThisFileDirectory)IsEqualStateTrigger.cpp">
      <Filter>Triggers</Filter>
    </ClCompile>
    <ClCompile Include="$(MSBuildThisFileDirectory)IsNullOrEmptyStateTrigger.cpp">
      <Filter>Triggers</Filter>
    </ClCompile>
    <ClCompile Include="$(MSBuildThisFileDirectory)WrapPanel.cpp">
      <Filter>WrapPanel</Filter>
    </ClCompile>
    <ClCompile Include="$(MSBuildThisFileDirectory)ObjectCompare.cpp">
      <Filter>internal</Filter>
    </ClCompile>
    <ClCompile Include="$(MSBuildThisFileDirectory)DependentValue.cpp">
      <Filter>DependentValue</Filter>
    </ClCompile>
  </ItemGroup>
</Project>