<?xml version="1.0" encoding="utf-8"?>
<Project ToolsVersion="4.0" xmlns="http://schemas.microsoft.com/developer/msbuild/2003">
  <ItemGroup>
    <Filter Include="Converter">
      <UniqueIdentifier>{69806625-7de9-45dd-b78a-f316bb566b2c}</UniqueIdentifier>
    </Filter>
    <Filter Include="TypeName">
      <UniqueIdentifier>{c18403aa-7856-4d98-afce-ffd254679fee}</UniqueIdentifier>
    </Filter>
    <Filter Include="Extensions">
      <UniqueIdentifier>{327375bf-94f2-4271-89a3-1e31946d17a2}</UniqueIdentifier>
    </Filter>
    <Filter Include="Triggers">
      <UniqueIdentifier>{84ed1ee2-9f0e-4b31-bd1b-8c7b0a8ebf7a}</UniqueIdentifier>
    </Filter>
    <Filter Include="internal">
      <UniqueIdentifier>{155cc2f9-fa28-4099-b25a-92b147541d86}</UniqueIdentifier>
    </Filter>
    <Filter Include="DependentValue">
      <UniqueIdentifier>{b99f07e3-4752-4b22-a901-08b4635add30}</UniqueIdentifier>
    </Filter>
    <Filter Include="Controls">
      <UniqueIdentifier>{a43a0b91-05b8-49d0-9258-7f0d38d358d3}</UniqueIdentifier>
    </Filter>
    <Filter Include="Controls\GroupBox">
      <UniqueIdentifier>{c7e86e37-1868-4a21-b081-fb36cb697728}</UniqueIdentifier>
    </Filter>
    <Filter Include="Controls\MarqueeText">
      <UniqueIdentifier>{c3d1448b-f757-4894-b6df-533978523e61}</UniqueIdentifier>
    </Filter>
    <Filter Include="Controls\ProgressBarEx">
      <UniqueIdentifier>{64dab47f-99b5-4743-b3a5-18c361a00ec2}</UniqueIdentifier>
    </Filter>
    <Filter Include="Controls\SettingsExpander">
      <UniqueIdentifier>{866e1dd6-b4aa-4766-a702-ecb448714767}</UniqueIdentifier>
    </Filter>
    <Filter Include="Controls\Segmented">
      <UniqueIdentifier>{e1f722c9-c1ae-491a-ac80-8d6593e3661b}</UniqueIdentifier>
    </Filter>
    <Filter Include="Controls\SettingsCard">
      <UniqueIdentifier>{ed36ae0a-5bb6-44a7-93bb-361384b70778}</UniqueIdentifier>
    </Filter>
    <Filter Include="Controls\Shimmer">
      <UniqueIdentifier>{931347f1-3bbc-4c67-9e6d-d64ab16778ba}</UniqueIdentifier>
    </Filter>
    <Filter Include="Controls\SwitchPresenter">
      <UniqueIdentifier>{cffca7e2-d098-490a-95d6-fc5d30c97956}</UniqueIdentifier>
    </Filter>
    <Filter Include="Controls\WrapPanel">
      <UniqueIdentifier>{069cba29-5d44-4957-b63b-8191e5b273ee}</UniqueIdentifier>
    </Filter>
    <Filter Include="DirectN">
      <UniqueIdentifier>{408c74e2-a7c9-406c-ae56-b46063283fdd}</UniqueIdentifier>
    </Filter>
    <Filter Include="Table">
      <UniqueIdentifier>{e506b876-c0d2-4849-a045-8fc33027d5c7}</UniqueIdentifier>
    </Filter>
    <Filter Include="Table\Xaml">
      <UniqueIdentifier>{40f0dad6-26d7-4714-b042-fd1adb8643fb}</UniqueIdentifier>
    </Filter>
    <Filter Include="Table\Xaml\TableColumn">
      <UniqueIdentifier>{0eb2531e-4ac9-4d0e-a432-deec4308d4aa}</UniqueIdentifier>
    </Filter>
    <Filter Include="Table\Xaml\Table">
      <UniqueIdentifier>{c1642885-4093-492c-944f-12f220fa4e6d}</UniqueIdentifier>
    </Filter>
    <Filter Include="Table\D2D">
      <UniqueIdentifier>{14efdc32-5d71-4bef-918f-fb6d8925dbf8}</UniqueIdentifier>
    </Filter>
    <Filter Include="Table\Xaml\TableData">
      <UniqueIdentifier>{2b43635e-8169-4fc6-859c-7fa7e723d827}</UniqueIdentifier>
    </Filter>
    <Filter Include="Table\Xaml\ControlsOverlay">
      <UniqueIdentifier>{736e3963-7dce-462f-8740-46972f5b1596}</UniqueIdentifier>
    </Filter>
    <Filter Include="Table\D2D\Lines">
      <UniqueIdentifier>{fb7f628d-2c11-464b-a032-335395a2292b}</UniqueIdentifier>
    </Filter>
    <Filter Include="Table\Xaml\TableRow">
      <UniqueIdentifier>{06edb044-369b-4d46-8c24-b47acf8980a4}</UniqueIdentifier>
    </Filter>
    <Filter Include="Table\Xaml\Base">
      <UniqueIdentifier>{f6b16744-520f-4e83-8e22-ba7b772f0f7f}</UniqueIdentifier>
    </Filter>
    <Filter Include="Table\Xaml\TableAlternateRowColor">
      <UniqueIdentifier>{43306578-2d54-45a8-bec2-48b4cd4a16c8}</UniqueIdentifier>
    </Filter>
    <Filter Include="Helper">
      <UniqueIdentifier>{1180320b-83c2-4360-8269-75c12030d77a}</UniqueIdentifier>
    </Filter>
  </ItemGroup>
  <ItemGroup>
    <Midl Include="$(MSBuildThisFileDirectory)Convert.idl">
      <Filter>Converter</Filter>
    </Midl>
    <Midl Include="$(MSBuildThisFileDirectory)TypeNameExtension.idl">
      <Filter>TypeName</Filter>
    </Midl>
    <Midl Include="$(MSBuildThisFileDirectory)CaseCollection.idl">
      <Filter>Controls\SwitchPresenter</Filter>
    </Midl>
    <Midl Include="$(MSBuildThisFileDirectory)SwitchPresenter.idl">
      <Filter>Controls\SwitchPresenter</Filter>
    </Midl>
    <Midl Include="$(MSBuildThisFileDirectory)Case.idl">
      <Filter>Controls\SwitchPresenter</Filter>
    </Midl>
    <Midl Include="$(MSBuildThisFileDirectory)BoolToVisibilityConverter.idl">
      <Filter>Converter</Filter>
    </Midl>
    <Midl Include="$(MSBuildThisFileDirectory)ContainerToBoolConverter.idl">
      <Filter>Converter</Filter>
    </Midl>
    <Midl Include="$(MSBuildThisFileDirectory)NegateBoolConverter.idl">
      <Filter>Converter</Filter>
    </Midl>
    <Midl Include="$(MSBuildThisFileDirectory)ReferenceToBoolConverter.idl">
      <Filter>Converter</Filter>
    </Midl>
    <Midl Include="$(MSBuildThisFileDirectory)ConverterGroup.idl">
      <Filter>Converter</Filter>
    </Midl>
    <Midl Include="$(MSBuildThisFileDirectory)StringToBoolConverter.idl">
      <Filter>Converter</Filter>
    </Midl>
    <Midl Include="$(MSBuildThisFileDirectory)CursorController.idl">
      <Filter>Extensions</Filter>
    </Midl>
    <Midl Include="$(MSBuildThisFileDirectory)FontIconExtension.idl">
      <Filter>Extensions</Filter>
    </Midl>
    <Midl Include="$(MSBuildThisFileDirectory)UIElementExtension.idl">
      <Filter>Extensions</Filter>
    </Midl>
    <Midl Include="$(MSBuildThisFileDirectory)ControlSizeTrigger.idl">
      <Filter>Triggers</Filter>
    </Midl>
    <Midl Include="$(MSBuildThisFileDirectory)IsEqualStateTrigger.idl">
      <Filter>Triggers</Filter>
    </Midl>
    <Midl Include="$(MSBuildThisFileDirectory)IsNullOrEmptyStateTrigger.idl">
      <Filter>Triggers</Filter>
    </Midl>
    <Midl Include="$(MSBuildThisFileDirectory)WrapPanel.idl">
      <Filter>Controls\WrapPanel</Filter>
    </Midl>
    <Midl Include="$(MSBuildThisFileDirectory)DependentValue.idl">
      <Filter>DependentValue</Filter>
    </Midl>
    <Midl Include="$(MSBuildThisFileDirectory)ImageExtension.idl">
      <Filter>Extensions</Filter>
    </Midl>
    <Midl Include="$(MSBuildThisFileDirectory)SettingsCard.idl">
      <Filter>Controls\SettingsCard</Filter>
    </Midl>
    <Midl Include="$(MSBuildThisFileDirectory)GroupBox.idl">
      <Filter>Controls\GroupBox</Filter>
    </Midl>
    <Midl Include="$(MSBuildThisFileDirectory)Segmented.idl">
      <Filter>Controls\Segmented</Filter>
    </Midl>
    <Midl Include="$(MSBuildThisFileDirectory)Shimmer.idl">
      <Filter>Controls\Shimmer</Filter>
    </Midl>
    <Midl Include="$(MSBuildThisFileDirectory)EqualPanel.idl">
      <Filter>Controls\Segmented</Filter>
    </Midl>
    <Midl Include="$(MSBuildThisFileDirectory)SegmentedItem.idl">
      <Filter>Controls\Segmented</Filter>
    </Midl>
    <Midl Include="$(MSBuildThisFileDirectory)SegmentedItemCornerRadiusConverter.idl">
      <Filter>Controls\Segmented</Filter>
    </Midl>
    <Midl Include="$(MSBuildThisFileDirectory)SegmentedMarginConverter.idl">
      <Filter>Controls\Segmented</Filter>
    </Midl>
    <Midl Include="$(MSBuildThisFileDirectory)SettingsExpanderItemStyleSelector.idl">
      <Filter>Controls\SettingsExpander</Filter>
    </Midl>
    <Midl Include="$(MSBuildThisFileDirectory)SettingsExpanderLastItemConrnerRadiusConverter.idl">
      <Filter>Controls\SettingsExpander</Filter>
    </Midl>
    <Midl Include="$(MSBuildThisFileDirectory)SettingsExpander.idl">
      <Filter>Controls\SettingsExpander</Filter>
    </Midl>
    <Midl Include="$(MSBuildThisFileDirectory)MarqueeText.idl">
      <Filter>Controls\MarqueeText</Filter>
    </Midl>
    <Midl Include="$(MSBuildThisFileDirectory)ProgressBarEx.idl">
      <Filter>Controls\ProgressBarEx</Filter>
    </Midl>
    <Midl Include="$(MSBuildThisFileDirectory)ColumnSizingMode.idl">
      <Filter>Table\Xaml</Filter>
    </Midl>
    <Midl Include="$(MSBuildThisFileDirectory)TableColumn.idl">
      <Filter>Table\Xaml\TableColumn</Filter>
    </Midl>
    <Midl Include="$(MSBuildThisFileDirectory)Table.idl">
      <Filter>Table\Xaml\Table</Filter>
    </Midl>
    <Midl Include="$(MSBuildThisFileDirectory)ITableData.idl">
      <Filter>Table\Xaml\TableData</Filter>
    </Midl>
    <Midl Include="$(MSBuildThisFileDirectory)RowRequestedEventArgs.idl">
      <Filter>Table\Xaml\TableData</Filter>
    </Midl>
    <Midl Include="$(MSBuildThisFileDirectory)UpdateRowDataEventArgs.idl">
      <Filter>Table\Xaml\TableData</Filter>
    </Midl>
    <Midl Include="$(MSBuildThisFileDirectory)TableColumnCollection.idl">
      <Filter>Table\Xaml\TableColumn</Filter>
    </Midl>
    <Midl Include="$(MSBuildThisFileDirectory)TableRow.idl">
      <Filter>Table\Xaml\TableRow</Filter>
    </Midl>
    <Midl Include="$(MSBuildThisFileDirectory)TableAlternateRowColorCollection.idl">
      <Filter>Table\Xaml\TableAlternateRowColor</Filter>
    </Midl>
    <Midl Include="$(MSBuildThisFileDirectory)TableAlternateRowColor.idl">
      <Filter>Table\Xaml\TableAlternateRowColor</Filter>
    </Midl>
    <Midl Include="$(MSBuildThisFileDirectory)ContextMenuRequestedEventArgs.idl">
      <Filter>Table\Xaml\Table</Filter>
    </Midl>
    <Midl Include="$(MSBuildThisFileDirectory)DefaultTableContextMenu.idl">
      <Filter>Table\Xaml\Table</Filter>
    </Midl>
    <Midl Include="$(MSBuildThisFileDirectory)DefaultTableHeaderContextMenu.idl">
      <Filter>Table\Xaml\Table</Filter>
    </Midl>
    <Midl Include="$(MSBuildThisFileDirectory)TableCellDataWrapper.idl">
      <Filter>Table\Xaml\ControlsOverlay</Filter>
    </Midl>
  </ItemGroup>
  <ItemGroup>
    <ClInclude Include="$(MSBuildThisFileDirectory)Convert.h">
      <Filter>Converter</Filter>
    </ClInclude>
    <ClInclude Include="$(MSBuildThisFileDirectory)TypeNameExtension.h">
      <Filter>TypeName</Filter>
    </ClInclude>
    <ClInclude Include="$(MSBuildThisFileDirectory)DirectN.h">
      <Filter>DirectN</Filter>
    </ClInclude>
    <ClInclude Include="$(MSBuildThisFileDirectory)SwapChainInterop.h">
      <Filter>DirectN</Filter>
    </ClInclude>
    <ClInclude Include="$(MSBuildThisFileDirectory)TableConstants.hpp">
      <Filter>Table</Filter>
    </ClInclude>
    <ClInclude Include="$(MSBuildThisFileDirectory)ScrollRequest.h">
      <Filter>Table</Filter>
    </ClInclude>
    <ClInclude Include="$(MSBuildThisFileDirectory)ResizeRequest.h">
      <Filter>Table</Filter>
    </ClInclude>
    <ClInclude Include="$(MSBuildThisFileDirectory)Easing.hpp">
      <Filter>Table</Filter>
    </ClInclude>
    <ClInclude Include="$(MSBuildThisFileDirectory)ColumnWidthManager.h">
      <Filter>Table</Filter>
    </ClInclude>
    <ClInclude Include="$(MSBuildThisFileDirectory)CaseCollection.h">
      <Filter>Controls\SwitchPresenter</Filter>
    </ClInclude>
    <ClInclude Include="$(MSBuildThisFileDirectory)SwitchPresenter.h">
      <Filter>Controls\SwitchPresenter</Filter>
    </ClInclude>
    <ClInclude Include="$(MSBuildThisFileDirectory)Case.h">
      <Filter>Controls\SwitchPresenter</Filter>
    </ClInclude>
    <ClInclude Include="$(MSBuildThisFileDirectory)BoolToVisibilityConverter.h">
      <Filter>Converter</Filter>
    </ClInclude>
    <ClInclude Include="$(MSBuildThisFileDirectory)ContainerToBoolConverter.h">
      <Filter>Converter</Filter>
    </ClInclude>
    <ClInclude Include="$(MSBuildThisFileDirectory)NegateBoolConverter.h">
      <Filter>Converter</Filter>
    </ClInclude>
    <ClInclude Include="$(MSBuildThisFileDirectory)ReferenceToBoolConverter.h">
      <Filter>Converter</Filter>
    </ClInclude>
    <ClInclude Include="$(MSBuildThisFileDirectory)ConverterGroup.h">
      <Filter>Converter</Filter>
    </ClInclude>
    <ClInclude Include="$(MSBuildThisFileDirectory)StringToBoolConverter.h">
      <Filter>Converter</Filter>
    </ClInclude>
    <ClInclude Include="$(MSBuildThisFileDirectory)ReverseConverterBase.hpp">
      <Filter>Converter</Filter>
    </ClInclude>
    <ClInclude Include="$(MSBuildThisFileDirectory)CursorController.h">
      <Filter>Extensions</Filter>
    </ClInclude>
    <ClInclude Include="$(MSBuildThisFileDirectory)FontIconExtension.h">
      <Filter>Extensions</Filter>
    </ClInclude>
    <ClInclude Include="$(MSBuildThisFileDirectory)UIElementExtension.h">
      <Filter>Extensions</Filter>
    </ClInclude>
    <ClInclude Include="$(MSBuildThisFileDirectory)ControlSizeTrigger.h">
      <Filter>Triggers</Filter>
    </ClInclude>
    <ClInclude Include="$(MSBuildThisFileDirectory)IsEqualStateTrigger.h">
      <Filter>Triggers</Filter>
    </ClInclude>
    <ClInclude Include="$(MSBuildThisFileDirectory)IsNullOrEmptyStateTrigger.h">
      <Filter>Triggers</Filter>
    </ClInclude>
    <ClInclude Include="$(MSBuildThisFileDirectory)WrapPanel.h">
      <Filter>Controls\WrapPanel</Filter>
    </ClInclude>
    <ClInclude Include="$(MSBuildThisFileDirectory)ObjectCompare.h">
      <Filter>internal</Filter>
    </ClInclude>
    <ClInclude Include="$(MSBuildThisFileDirectory)DependentValue.h">
      <Filter>DependentValue</Filter>
    </ClInclude>
    <ClInclude Include="$(MSBuildThisFileDirectory)ImageExtension.h">
      <Filter>Extensions</Filter>
    </ClInclude>
    <ClInclude Include="$(MSBuildThisFileDirectory)SettingsCard.h">
      <Filter>Controls\SettingsCard</Filter>
    </ClInclude>
    <ClInclude Include="$(MSBuildThisFileDirectory)GroupBox.h">
      <Filter>Controls\GroupBox</Filter>
    </ClInclude>
    <ClInclude Include="$(MSBuildThisFileDirectory)Segmented.h">
      <Filter>Controls\Segmented</Filter>
    </ClInclude>
    <ClInclude Include="$(MSBuildThisFileDirectory)Shimmer.h">
      <Filter>Controls\Shimmer</Filter>
    </ClInclude>
    <ClInclude Include="$(MSBuildThisFileDirectory)Shimmer.AnimationMember.h">
      <Filter>Controls\Shimmer</Filter>
    </ClInclude>
    <ClInclude Include="$(MSBuildThisFileDirectory)Shimmer.DefaultGradientColor.h">
      <Filter>Controls\Shimmer</Filter>
    </ClInclude>
    <ClInclude Include="$(MSBuildThisFileDirectory)EqualPanel.h">
      <Filter>Controls\Segmented</Filter>
    </ClInclude>
    <ClInclude Include="$(MSBuildThisFileDirectory)SegmentedItem.h">
      <Filter>Controls\Segmented</Filter>
    </ClInclude>
    <ClInclude Include="$(MSBuildThisFileDirectory)SegmentedItemCornerRadiusConverter.h">
      <Filter>Controls\Segmented</Filter>
    </ClInclude>
    <ClInclude Include="$(MSBuildThisFileDirectory)SegmentedMarginConverter.h">
      <Filter>Controls\Segmented</Filter>
    </ClInclude>
    <ClInclude Include="$(MSBuildThisFileDirectory)SettingsExpanderItemStyleSelector.h">
      <Filter>Controls\SettingsExpander</Filter>
    </ClInclude>
    <ClInclude Include="$(MSBuildThisFileDirectory)SettingsExpanderLastItemConrnerRadiusConverter.h">
      <Filter>Controls\SettingsExpander</Filter>
    </ClInclude>
    <ClInclude Include="$(MSBuildThisFileDirectory)SettingsExpander.h">
      <Filter>Controls\SettingsExpander</Filter>
    </ClInclude>
    <ClInclude Include="$(MSBuildThisFileDirectory)MarqueeText.h">
      <Filter>Controls\MarqueeText</Filter>
    </ClInclude>
    <ClInclude Include="$(MSBuildThisFileDirectory)ProgressBarEx.h">
      <Filter>Controls\ProgressBarEx</Filter>
    </ClInclude>
    <ClInclude Include="$(MSBuildThisFileDirectory)DispatcherAdapter.h" />
    <ClInclude Include="$(MSBuildThisFileDirectory)TableColumn.h">
      <Filter>Table\Xaml\TableColumn</Filter>
    </ClInclude>
    <ClInclude Include="$(MSBuildThisFileDirectory)TableColumnData.h">
      <Filter>Table\Xaml\TableColumn</Filter>
    </ClInclude>
    <ClInclude Include="$(MSBuildThisFileDirectory)Table.h">
      <Filter>Table\Xaml\Table</Filter>
    </ClInclude>
    <ClInclude Include="$(MSBuildThisFileDirectory)TableProperty.h">
      <Filter>Table\Xaml\Table</Filter>
    </ClInclude>
    <ClInclude Include="$(MSBuildThisFileDirectory)TableD2DContent.h">
      <Filter>Table\D2D</Filter>
    </ClInclude>
    <ClInclude Include="$(MSBuildThisFileDirectory)TextLayoutCache.h">
      <Filter>Table\D2D</Filter>
    </ClInclude>
    <ClInclude Include="$(MSBuildThisFileDirectory)TableD2DResource.h">
      <Filter>Table\D2D</Filter>
    </ClInclude>
    <ClInclude Include="$(MSBuildThisFileDirectory)SharedDataBase.hpp">
      <Filter>Table</Filter>
    </ClInclude>
    <ClInclude Include="$(MSBuildThisFileDirectory)D2DConvert.hpp">
      <Filter>Table\D2D</Filter>
    </ClInclude>
    <ClInclude Include="$(MSBuildThisFileDirectory)FrameRequest.h">
      <Filter>Table\D2D</Filter>
    </ClInclude>
    <ClInclude Include="$(MSBuildThisFileDirectory)TableHeaderBitmap.h">
      <Filter>Table\D2D</Filter>
    </ClInclude>
    <ClInclude Include="$(MSBuildThisFileDirectory)RowRequestedEventArgs.h">
      <Filter>Table\Xaml\TableData</Filter>
    </ClInclude>
    <ClInclude Include="$(MSBuildThisFileDirectory)TableOverlayManager.h">
      <Filter>Table\Xaml\ControlsOverlay</Filter>
    </ClInclude>
    <ClInclude Include="$(MSBuildThisFileDirectory)EditControlOverlay.h">
      <Filter>Table\Xaml\ControlsOverlay</Filter>
    </ClInclude>
    <ClInclude Include="$(MSBuildThisFileDirectory)ColumnWidthInitializationContext.h">
      <Filter>Table</Filter>
    </ClInclude>
    <ClInclude Include="$(MSBuildThisFileDirectory)TableVerticalLines.h">
      <Filter>Table\D2D\Lines</Filter>
    </ClInclude>
    <ClInclude Include="$(MSBuildThisFileDirectory)TableHorizontalLines.h">
      <Filter>Table\D2D\Lines</Filter>
    </ClInclude>
    <ClInclude Include="$(MSBuildThisFileDirectory)TableColumnCollection.h">
      <Filter>Table\Xaml\TableColumn</Filter>
    </ClInclude>
    <ClInclude Include="$(MSBuildThisFileDirectory)TableRow.h">
      <Filter>Table\Xaml\TableRow</Filter>
    </ClInclude>
    <ClInclude Include="$(MSBuildThisFileDirectory)TableRowDataSource.h">
      <Filter>Table\Xaml\TableRow</Filter>
    </ClInclude>
    <ClInclude Include="$(MSBuildThisFileDirectory)CachedScrollBar.h">
      <Filter>Table\Xaml</Filter>
    </ClInclude>
    <ClInclude Include="$(MSBuildThisFileDirectory)CachedCursor.hpp">
      <Filter>Table\Xaml</Filter>
    </ClInclude>
    <ClInclude Include="$(MSBuildThisFileDirectory)VectorBase.hpp">
      <Filter>Table\Xaml\Base</Filter>
    </ClInclude>
    <ClInclude Include="$(MSBuildThisFileDirectory)IteratorBase.hpp">
      <Filter>Table\Xaml\Base</Filter>
    </ClInclude>
    <ClInclude Include="$(MSBuildThisFileDirectory)VectorViewBase.hpp">
      <Filter>Table\Xaml\Base</Filter>
    </ClInclude>
    <ClInclude Include="$(MSBuildThisFileDirectory)TableHeightManager.h">
      <Filter>Table</Filter>
    </ClInclude>
    <ClInclude Include="$(MSBuildThisFileDirectory)DWriteInterop.h">
      <Filter>DirectN</Filter>
    </ClInclude>
    <ClInclude Include="$(MSBuildThisFileDirectory)TableAlternateRowColorCollection.h">
      <Filter>Table\Xaml\TableAlternateRowColor</Filter>
    </ClInclude>
    <ClInclude Include="$(MSBuildThisFileDirectory)TableAlternateRowColor.h">
      <Filter>Table\Xaml\TableAlternateRowColor</Filter>
    </ClInclude>
    <ClInclude Include="$(MSBuildThisFileDirectory)D2DPrimitiveHelper.h">
      <Filter>Table\D2D</Filter>
    </ClInclude>
    <ClInclude Include="$(MSBuildThisFileDirectory)ContextMenuRequestedEventArgs.h">
      <Filter>Table\Xaml\Table</Filter>
    </ClInclude>
    <ClInclude Include="$(MSBuildThisFileDirectory)DefaultTableContextMenu.h">
      <Filter>Table\Xaml\Table</Filter>
    </ClInclude>
    <ClInclude Include="$(MSBuildThisFileDirectory)DefaultTableHeaderContextMenu.h">
      <Filter>Table\Xaml\Table</Filter>
    </ClInclude>
    <ClInclude Include="$(MSBuildThisFileDirectory)TableSortContext.hpp">
      <Filter>Table\Xaml\Table</Filter>
    </ClInclude>
    <ClInclude Include="$(MSBuildThisFileDirectory)TableSortDirection.h">
      <Filter>Table\Xaml\Table</Filter>
    </ClInclude>
    <ClInclude Include="$(MSBuildThisFileDirectory)TableRowCollection.hpp">
      <Filter>Table\Xaml\TableRow</Filter>
    </ClInclude>
    <ClInclude Include="$(MSBuildThisFileDirectory)TableCellDataWrapper.h">
      <Filter>Table\Xaml\ControlsOverlay</Filter>
    </ClInclude>
  </ItemGroup>
  <ItemGroup>
    <ClCompile Include="$(MSBuildThisFileDirectory)Convert.cpp">
      <Filter>Converter</Filter>
    </ClCompile>
    <ClCompile Include="$(MSBuildThisFileDirectory)TypeNameExtension.cpp">
      <Filter>TypeName</Filter>
    </ClCompile>
    <ClCompile Include="$(MSBuildThisFileDirectory)DirectN.cpp">
      <Filter>DirectN</Filter>
    </ClCompile>
    <ClCompile Include="$(MSBuildThisFileDirectory)SwapChainInterop.cpp">
      <Filter>DirectN</Filter>
    </ClCompile>
    <ClCompile Include="$(MSBuildThisFileDirectory)ColumnWidthManager.cpp">
      <Filter>Table</Filter>
    </ClCompile>
    <ClCompile Include="$(MSBuildThisFileDirectory)SwitchPresenter.cpp">
      <Filter>Controls\SwitchPresenter</Filter>
    </ClCompile>
    <ClCompile Include="$(MSBuildThisFileDirectory)Case.cpp">
      <Filter>Controls\SwitchPresenter</Filter>
    </ClCompile>
    <ClCompile Include="$(MSBuildThisFileDirectory)CaseCollection.cpp">
      <Filter>Controls\SwitchPresenter</Filter>
    </ClCompile>
    <ClCompile Include="$(MSBuildThisFileDirectory)BoolToVisibilityConverter.cpp">
      <Filter>Converter</Filter>
    </ClCompile>
    <ClCompile Include="$(MSBuildThisFileDirectory)ContainerToBoolConverter.cpp">
      <Filter>Converter</Filter>
    </ClCompile>
    <ClCompile Include="$(MSBuildThisFileDirectory)NegateBoolConverter.cpp">
      <Filter>Converter</Filter>
    </ClCompile>
    <ClCompile Include="$(MSBuildThisFileDirectory)ReferenceToBoolConverter.cpp">
      <Filter>Converter</Filter>
    </ClCompile>
    <ClCompile Include="$(MSBuildThisFileDirectory)ConverterGroup.cpp">
      <Filter>Converter</Filter>
    </ClCompile>
    <ClCompile Include="$(MSBuildThisFileDirectory)StringToBoolConverter.cpp">
      <Filter>Converter</Filter>
    </ClCompile>
    <ClCompile Include="$(MSBuildThisFileDirectory)CursorController.cpp">
      <Filter>Extensions</Filter>
    </ClCompile>
    <ClCompile Include="$(MSBuildThisFileDirectory)FontIconExtension.cpp">
      <Filter>Extensions</Filter>
    </ClCompile>
    <ClCompile Include="$(MSBuildThisFileDirectory)UIElementExtension.cpp">
      <Filter>Extensions</Filter>
    </ClCompile>
    <ClCompile Include="$(MSBuildThisFileDirectory)ControlSizeTrigger.cpp">
      <Filter>Triggers</Filter>
    </ClCompile>
    <ClCompile Include="$(MSBuildThisFileDirectory)IsEqualStateTrigger.cpp">
      <Filter>Triggers</Filter>
    </ClCompile>
    <ClCompile Include="$(MSBuildThisFileDirectory)IsNullOrEmptyStateTrigger.cpp">
      <Filter>Triggers</Filter>
    </ClCompile>
    <ClCompile Include="$(MSBuildThisFileDirectory)WrapPanel.cpp">
      <Filter>Controls\WrapPanel</Filter>
    </ClCompile>
    <ClCompile Include="$(MSBuildThisFileDirectory)ObjectCompare.cpp">
      <Filter>internal</Filter>
    </ClCompile>
    <ClCompile Include="$(MSBuildThisFileDirectory)DependentValue.cpp">
      <Filter>DependentValue</Filter>
    </ClCompile>
    <ClCompile Include="$(MSBuildThisFileDirectory)ImageExtension.cpp">
      <Filter>Extensions</Filter>
    </ClCompile>
    <ClCompile Include="$(MSBuildThisFileDirectory)SettingsCard.cpp">
      <Filter>Controls\SettingsCard</Filter>
    </ClCompile>
    <ClCompile Include="$(MSBuildThisFileDirectory)GroupBox.cpp">
      <Filter>Controls\GroupBox</Filter>
    </ClCompile>
    <ClCompile Include="$(MSBuildThisFileDirectory)Segmented.cpp">
      <Filter>Controls\Segmented</Filter>
    </ClCompile>
    <ClCompile Include="$(MSBuildThisFileDirectory)Shimmer.cpp">
      <Filter>Controls\Shimmer</Filter>
    </ClCompile>
    <ClCompile Include="$(MSBuildThisFileDirectory)Shimmer.AnimationMember.cpp">
      <Filter>Controls\Shimmer</Filter>
    </ClCompile>
    <ClCompile Include="$(MSBuildThisFileDirectory)EqualPanel.cpp">
      <Filter>Controls\Segmented</Filter>
    </ClCompile>
    <ClCompile Include="$(MSBuildThisFileDirectory)SegmentedItem.cpp">
      <Filter>Controls\Segmented</Filter>
    </ClCompile>
    <ClCompile Include="$(MSBuildThisFileDirectory)SegmentedItemCornerRadiusConverter.cpp">
      <Filter>Controls\Segmented</Filter>
    </ClCompile>
    <ClCompile Include="$(MSBuildThisFileDirectory)SegmentedMarginConverter.cpp">
      <Filter>Controls\Segmented</Filter>
    </ClCompile>
    <ClCompile Include="$(MSBuildThisFileDirectory)SettingsExpanderItemStyleSelector.cpp">
      <Filter>Controls\SettingsExpander</Filter>
    </ClCompile>
    <ClCompile Include="$(MSBuildThisFileDirectory)SettingsExpanderLastItemConrnerRadiusConverter.cpp">
      <Filter>Controls\SettingsExpander</Filter>
    </ClCompile>
    <ClCompile Include="$(MSBuildThisFileDirectory)SettingsExpander.cpp">
      <Filter>Controls\SettingsExpander</Filter>
    </ClCompile>
    <ClCompile Include="$(MSBuildThisFileDirectory)MarqueeText.cpp">
      <Filter>Controls\MarqueeText</Filter>
    </ClCompile>
    <ClCompile Include="$(MSBuildThisFileDirectory)ProgressBarEx.cpp">
      <Filter>Controls\ProgressBarEx</Filter>
    </ClCompile>
    <ClCompile Include="$(MSBuildThisFileDirectory)TableColumn.cpp">
      <Filter>Table\Xaml\TableColumn</Filter>
    </ClCompile>
    <ClCompile Include="$(MSBuildThisFileDirectory)Table.cpp">
      <Filter>Table\Xaml\Table</Filter>
    </ClCompile>
    <ClCompile Include="$(MSBuildThisFileDirectory)TableD2DContent.cpp">
      <Filter>Table\D2D</Filter>
    </ClCompile>
    <ClCompile Include="$(MSBuildThisFileDirectory)TextLayoutCache.cpp">
      <Filter>Table\D2D</Filter>
    </ClCompile>
    <ClCompile Include="$(MSBuildThisFileDirectory)TableD2DResource.cpp">
      <Filter>Table\D2D</Filter>
    </ClCompile>
    <ClCompile Include="$(MSBuildThisFileDirectory)ScrollRequest.cpp">
      <Filter>Table</Filter>
    </ClCompile>
    <ClCompile Include="$(MSBuildThisFileDirectory)TableHeaderBitmap.cpp">
      <Filter>Table\D2D</Filter>
    </ClCompile>
    <ClCompile Include="$(MSBuildThisFileDirectory)RowRequestedEventArgs.cpp">
      <Filter>Table\Xaml\TableData</Filter>
    </ClCompile>
    <ClCompile Include="$(MSBuildThisFileDirectory)TableOverlayManager.cpp">
      <Filter>Table\Xaml\ControlsOverlay</Filter>
    </ClCompile>
    <ClCompile Include="$(MSBuildThisFileDirectory)EditControlOverlay.cpp">
      <Filter>Table\Xaml\ControlsOverlay</Filter>
    </ClCompile>
    <ClCompile Include="$(MSBuildThisFileDirectory)TableVerticalLines.cpp">
      <Filter>Table\D2D\Lines</Filter>
    </ClCompile>
    <ClCompile Include="$(MSBuildThisFileDirectory)TableHorizontalLines.cpp">
      <Filter>Table\D2D\Lines</Filter>
    </ClCompile>
    <ClCompile Include="$(MSBuildThisFileDirectory)TableColumnCollection.cpp">
      <Filter>Table\Xaml\TableColumn</Filter>
    </ClCompile>
    <ClCompile Include="$(MSBuildThisFileDirectory)TableRowDataSource.cpp">
      <Filter>Table\Xaml\TableRow</Filter>
    </ClCompile>
    <ClCompile Include="$(MSBuildThisFileDirectory)TableRow.cpp">
      <Filter>Table\Xaml\TableRow</Filter>
    </ClCompile>
    <ClCompile Include="$(MSBuildThisFileDirectory)CachedScrollBar.cpp">
      <Filter>Table\Xaml</Filter>
    </ClCompile>
    <ClCompile Include="$(MSBuildThisFileDirectory)TableHeightManager.cpp">
      <Filter>Table</Filter>
    </ClCompile>
    <ClCompile Include="$(MSBuildThisFileDirectory)DWriteInterop.cpp">
      <Filter>DirectN</Filter>
    </ClCompile>
    <ClCompile Include="$(MSBuildThisFileDirectory)ColumnWidthInitializationContext.cpp">
      <Filter>Table</Filter>
    </ClCompile>
    <ClCompile Include="$(MSBuildThisFileDirectory)TableAlternateRowColorCollection.cpp">
      <Filter>Table\Xaml\TableAlternateRowColor</Filter>
    </ClCompile>
    <ClCompile Include="$(MSBuildThisFileDirectory)TableAlternateRowColor.cpp">
      <Filter>Table\Xaml\TableAlternateRowColor</Filter>
    </ClCompile>
    <ClCompile Include="$(MSBuildThisFileDirectory)D2DPrimitiveHelper.cpp">
      <Filter>Table\D2D</Filter>
    </ClCompile>
    <ClCompile Include="$(MSBuildThisFileDirectory)ContextMenuRequestedEventArgs.cpp">
      <Filter>Table\Xaml\Table</Filter>
    </ClCompile>
    <ClCompile Include="$(MSBuildThisFileDirectory)DefaultTableContextMenu.cpp">
      <Filter>Table\Xaml\Table</Filter>
    </ClCompile>
    <ClCompile Include="$(MSBuildThisFileDirectory)DefaultTableHeaderContextMenu.cpp">
      <Filter>Table\Xaml\Table</Filter>
    </ClCompile>
    <ClCompile Include="$(MSBuildThisFileDirectory)TableCellDataWrapper.cpp">
      <Filter>Table\Xaml\ControlsOverlay</Filter>
    </ClCompile>
  </ItemGroup>
</Project>