
Microsoft Visual Studio Solution File, Format Version 12.00
# Visual Studio Version 17
VisualStudioVersion = 17.7.34031.279
MinimumVisualStudioVersion = 10.0.40219.1
Project("{8BC9CEB8-8B4A-11D0-8D11-00A0C91BC942}") = "UWPPackage", "UWPPackage\UWPPackage.vcxproj", "{0E40EA1B-F85D-42F9-B0AF-8C50C08DD498}"
EndProject
Project("{8BC9CEB8-8B4A-11D0-8D11-00A0C91BC942}") = "UWPExample", "UWPExample\UWPExample.vcxproj", "{01C8AED1-9F5B-40E9-A3DD-02548A79EB3C}"
EndProject
Project("{2150E333-8FDC-42A3-9474-1A3956D46DE8}") = "Solution Items", "Solution Items", "{015CEE95-DABC-4E33-8980-8B5103F4FDF5}"
	ProjectSection(SolutionItems) = preProject
		.github\workflows\msbuild.yml = .github\workflows\msbuild.yml
		README.md = README.md
	EndProjectSection
EndProject
Project("{8BC9CEB8-8B4A-11D0-8D11-00A0C91BC942}") = "WinUI3Example", "WinUI3Example\WinUI3Example.vcxproj", "{68226A70-C3CD-4205-93AA-95F3EBB8BE34}"
EndProject
Project("{8BC9CEB8-8B4A-11D0-8D11-00A0C91BC942}") = "WinUI3Package", "WinUI3Package\WinUI3Package.vcxproj", "{E006BDA6-4CC1-4EC4-A1CF-807E16BCBF58}"
EndProject
Project("{2150E333-8FDC-42A3-9474-1A3956D46DE8}") = "Packages", "Packages", "{148D80C3-02AE-4AB5-8D25-739612D033BE}"
EndProject
Project("{2150E333-8FDC-42A3-9474-1A3956D46DE8}") = "Examples", "Examples", "{A89EF308-E098-4300-A6A8-5E3D9BF7A9BF}"
EndProject
Project("{FAE04EC0-301F-11D3-BF4B-00C04F79EFBC}") = "UWPCSharpExample", "UWPCSharpExample\UWPCSharpExample.csproj", "{E8BE60F8-7575-48B7-AF34-E2B627F2844D}"
EndProject
Global
	GlobalSection(SolutionConfigurationPlatforms) = preSolution
		Debug_CI|ARM = Debug_CI|ARM
		Debug_CI|ARM64 = Debug_CI|ARM64
		Debug_CI|x64 = Debug_CI|x64
		Debug_CI|x86 = Debug_CI|x86
		Debug|ARM = Debug|ARM
		Debug|ARM64 = Debug|ARM64
		Debug|x64 = Debug|x64
		Debug|x86 = Debug|x86
		Release_CI|ARM = Release_CI|ARM
		Release_CI|ARM64 = Release_CI|ARM64
		Release_CI|x64 = Release_CI|x64
		Release_CI|x86 = Release_CI|x86
		Release|ARM = Release|ARM
		Release|ARM64 = Release|ARM64
		Release|x64 = Release|x64
		Release|x86 = Release|x86
	EndGlobalSection
	GlobalSection(ProjectConfigurationPlatforms) = postSolution
		{0E40EA1B-F85D-42F9-B0AF-8C50C08DD498}.Debug_CI|ARM.ActiveCfg = Debug_CI|ARM
		{0E40EA1B-F85D-42F9-B0AF-8C50C08DD498}.Debug_CI|ARM.Build.0 = Debug_CI|ARM
		{0E40EA1B-F85D-42F9-B0AF-8C50C08DD498}.Debug_CI|ARM64.ActiveCfg = Debug_CI|ARM64
		{0E40EA1B-F85D-42F9-B0AF-8C50C08DD498}.Debug_CI|ARM64.Build.0 = Debug_CI|ARM64
		{0E40EA1B-F85D-42F9-B0AF-8C50C08DD498}.Debug_CI|x64.ActiveCfg = Debug_CI|x64
		{0E40EA1B-F85D-42F9-B0AF-8C50C08DD498}.Debug_CI|x64.Build.0 = Debug_CI|x64
		{0E40EA1B-F85D-42F9-B0AF-8C50C08DD498}.Debug_CI|x86.ActiveCfg = Debug_CI|Win32
		{0E40EA1B-F85D-42F9-B0AF-8C50C08DD498}.Debug_CI|x86.Build.0 = Debug_CI|Win32
		{0E40EA1B-F85D-42F9-B0AF-8C50C08DD498}.Debug|ARM.ActiveCfg = Debug|ARM
		{0E40EA1B-F85D-42F9-B0AF-8C50C08DD498}.Debug|ARM.Build.0 = Debug|ARM
		{0E40EA1B-F85D-42F9-B0AF-8C50C08DD498}.Debug|ARM64.ActiveCfg = Debug|ARM64
		{0E40EA1B-F85D-42F9-B0AF-8C50C08DD498}.Debug|ARM64.Build.0 = Debug|ARM64
		{0E40EA1B-F85D-42F9-B0AF-8C50C08DD498}.Debug|x64.ActiveCfg = Debug|x64
		{0E40EA1B-F85D-42F9-B0AF-8C50C08DD498}.Debug|x64.Build.0 = Debug|x64
		{0E40EA1B-F85D-42F9-B0AF-8C50C08DD498}.Debug|x86.ActiveCfg = Debug|Win32
		{0E40EA1B-F85D-42F9-B0AF-8C50C08DD498}.Debug|x86.Build.0 = Debug|Win32
		{0E40EA1B-F85D-42F9-B0AF-8C50C08DD498}.Release_CI|ARM.ActiveCfg = Release_CI|ARM
		{0E40EA1B-F85D-42F9-B0AF-8C50C08DD498}.Release_CI|ARM.Build.0 = Release_CI|ARM
		{0E40EA1B-F85D-42F9-B0AF-8C50C08DD498}.Release_CI|ARM64.ActiveCfg = Release_CI|ARM64
		{0E40EA1B-F85D-42F9-B0AF-8C50C08DD498}.Release_CI|ARM64.Build.0 = Release_CI|ARM64
		{0E40EA1B-F85D-42F9-B0AF-8C50C08DD498}.Release_CI|x64.ActiveCfg = Release_CI|x64
		{0E40EA1B-F85D-42F9-B0AF-8C50C08DD498}.Release_CI|x64.Build.0 = Release_CI|x64
		{0E40EA1B-F85D-42F9-B0AF-8C50C08DD498}.Release_CI|x86.ActiveCfg = Release_CI|Win32
		{0E40EA1B-F85D-42F9-B0AF-8C50C08DD498}.Release_CI|x86.Build.0 = Release_CI|Win32
		{0E40EA1B-F85D-42F9-B0AF-8C50C08DD498}.Release|ARM.ActiveCfg = Release|ARM
		{0E40EA1B-F85D-42F9-B0AF-8C50C08DD498}.Release|ARM.Build.0 = Release|ARM
		{0E40EA1B-F85D-42F9-B0AF-8C50C08DD498}.Release|ARM64.ActiveCfg = Release|ARM64
		{0E40EA1B-F85D-42F9-B0AF-8C50C08DD498}.Release|ARM64.Build.0 = Release|ARM64
		{0E40EA1B-F85D-42F9-B0AF-8C50C08DD498}.Release|x64.ActiveCfg = Release|x64
		{0E40EA1B-F85D-42F9-B0AF-8C50C08DD498}.Release|x64.Build.0 = Release|x64
		{0E40EA1B-F85D-42F9-B0AF-8C50C08DD498}.Release|x86.ActiveCfg = Release|Win32
		{0E40EA1B-F85D-42F9-B0AF-8C50C08DD498}.Release|x86.Build.0 = Release|Win32
		{01C8AED1-9F5B-40E9-A3DD-02548A79EB3C}.Debug_CI|ARM.ActiveCfg = Debug_CI|ARM
		{01C8AED1-9F5B-40E9-A3DD-02548A79EB3C}.Debug_CI|ARM.Build.0 = Debug_CI|ARM
		{01C8AED1-9F5B-40E9-A3DD-02548A79EB3C}.Debug_CI|ARM.Deploy.0 = Debug_CI|ARM
		{01C8AED1-9F5B-40E9-A3DD-02548A79EB3C}.Debug_CI|ARM64.ActiveCfg = Debug_CI|ARM64
		{01C8AED1-9F5B-40E9-A3DD-02548A79EB3C}.Debug_CI|ARM64.Build.0 = Debug_CI|ARM64
		{01C8AED1-9F5B-40E9-A3DD-02548A79EB3C}.Debug_CI|ARM64.Deploy.0 = Debug_CI|ARM64
		{01C8AED1-9F5B-40E9-A3DD-02548A79EB3C}.Debug_CI|x64.ActiveCfg = Debug_CI|x64
		{01C8AED1-9F5B-40E9-A3DD-02548A79EB3C}.Debug_CI|x64.Build.0 = Debug_CI|x64
		{01C8AED1-9F5B-40E9-A3DD-02548A79EB3C}.Debug_CI|x64.Deploy.0 = Debug_CI|x64
		{01C8AED1-9F5B-40E9-A3DD-02548A79EB3C}.Debug_CI|x86.ActiveCfg = Debug_CI|Win32
		{01C8AED1-9F5B-40E9-A3DD-02548A79EB3C}.Debug_CI|x86.Build.0 = Debug_CI|Win32
		{01C8AED1-9F5B-40E9-A3DD-02548A79EB3C}.Debug_CI|x86.Deploy.0 = Debug_CI|Win32
		{01C8AED1-9F5B-40E9-A3DD-02548A79EB3C}.Debug|ARM.ActiveCfg = Debug|ARM
		{01C8AED1-9F5B-40E9-A3DD-02548A79EB3C}.Debug|ARM.Build.0 = Debug|ARM
		{01C8AED1-9F5B-40E9-A3DD-02548A79EB3C}.Debug|ARM.Deploy.0 = Debug|ARM
		{01C8AED1-9F5B-40E9-A3DD-02548A79EB3C}.Debug|ARM64.ActiveCfg = Debug|ARM64
		{01C8AED1-9F5B-40E9-A3DD-02548A79EB3C}.Debug|ARM64.Build.0 = Debug|ARM64
		{01C8AED1-9F5B-40E9-A3DD-02548A79EB3C}.Debug|ARM64.Deploy.0 = Debug|ARM64
		{01C8AED1-9F5B-40E9-A3DD-02548A79EB3C}.Debug|x64.ActiveCfg = Debug|x64
		{01C8AED1-9F5B-40E9-A3DD-02548A79EB3C}.Debug|x64.Build.0 = Debug|x64
		{01C8AED1-9F5B-40E9-A3DD-02548A79EB3C}.Debug|x64.Deploy.0 = Debug|x64
		{01C8AED1-9F5B-40E9-A3DD-02548A79EB3C}.Debug|x86.ActiveCfg = Debug|Win32
		{01C8AED1-9F5B-40E9-A3DD-02548A79EB3C}.Debug|x86.Build.0 = Debug|Win32
		{01C8AED1-9F5B-40E9-A3DD-02548A79EB3C}.Debug|x86.Deploy.0 = Debug|Win32
		{01C8AED1-9F5B-40E9-A3DD-02548A79EB3C}.Release_CI|ARM.ActiveCfg = Release_CI|ARM
		{01C8AED1-9F5B-40E9-A3DD-02548A79EB3C}.Release_CI|ARM.Build.0 = Release_CI|ARM
		{01C8AED1-9F5B-40E9-A3DD-02548A79EB3C}.Release_CI|ARM.Deploy.0 = Release_CI|ARM
		{01C8AED1-9F5B-40E9-A3DD-02548A79EB3C}.Release_CI|ARM64.ActiveCfg = Release_CI|ARM64
		{01C8AED1-9F5B-40E9-A3DD-02548A79EB3C}.Release_CI|ARM64.Build.0 = Release_CI|ARM64
		{01C8AED1-9F5B-40E9-A3DD-02548A79EB3C}.Release_CI|ARM64.Deploy.0 = Release_CI|ARM64
		{01C8AED1-9F5B-40E9-A3DD-02548A79EB3C}.Release_CI|x64.ActiveCfg = Release_CI|x64
		{01C8AED1-9F5B-40E9-A3DD-02548A79EB3C}.Release_CI|x64.Build.0 = Release_CI|x64
		{01C8AED1-9F5B-40E9-A3DD-02548A79EB3C}.Release_CI|x64.Deploy.0 = Release_CI|x64
		{01C8AED1-9F5B-40E9-A3DD-02548A79EB3C}.Release_CI|x86.ActiveCfg = Release_CI|Win32
		{01C8AED1-9F5B-40E9-A3DD-02548A79EB3C}.Release_CI|x86.Build.0 = Release_CI|Win32
		{01C8AED1-9F5B-40E9-A3DD-02548A79EB3C}.Release_CI|x86.Deploy.0 = Release_CI|Win32
		{01C8AED1-9F5B-40E9-A3DD-02548A79EB3C}.Release|ARM.ActiveCfg = Release|ARM
		{01C8AED1-9F5B-40E9-A3DD-02548A79EB3C}.Release|ARM.Build.0 = Release|ARM
		{01C8AED1-9F5B-40E9-A3DD-02548A79EB3C}.Release|ARM.Deploy.0 = Release|ARM
		{01C8AED1-9F5B-40E9-A3DD-02548A79EB3C}.Release|ARM64.ActiveCfg = Release|ARM64
		{01C8AED1-9F5B-40E9-A3DD-02548A79EB3C}.Release|ARM64.Build.0 = Release|ARM64
		{01C8AED1-9F5B-40E9-A3DD-02548A79EB3C}.Release|ARM64.Deploy.0 = Release|ARM64
		{01C8AED1-9F5B-40E9-A3DD-02548A79EB3C}.Release|x64.ActiveCfg = Release|x64
		{01C8AED1-9F5B-40E9-A3DD-02548A79EB3C}.Release|x64.Build.0 = Release|x64
		{01C8AED1-9F5B-40E9-A3DD-02548A79EB3C}.Release|x64.Deploy.0 = Release|x64
		{01C8AED1-9F5B-40E9-A3DD-02548A79EB3C}.Release|x86.ActiveCfg = Release|Win32
		{01C8AED1-9F5B-40E9-A3DD-02548A79EB3C}.Release|x86.Build.0 = Release|Win32
		{01C8AED1-9F5B-40E9-A3DD-02548A79EB3C}.Release|x86.Deploy.0 = Release|Win32
		{68226A70-C3CD-4205-93AA-95F3EBB8BE34}.Debug_CI|ARM.ActiveCfg = Debug_CI|x64
		{68226A70-C3CD-4205-93AA-95F3EBB8BE34}.Debug_CI|ARM.Build.0 = Debug_CI|x64
		{68226A70-C3CD-4205-93AA-95F3EBB8BE34}.Debug_CI|ARM.Deploy.0 = Debug_CI|x64
		{68226A70-C3CD-4205-93AA-95F3EBB8BE34}.Debug_CI|ARM64.ActiveCfg = Debug_CI|ARM64
		{68226A70-C3CD-4205-93AA-95F3EBB8BE34}.Debug_CI|ARM64.Build.0 = Debug_CI|ARM64
		{68226A70-C3CD-4205-93AA-95F3EBB8BE34}.Debug_CI|ARM64.Deploy.0 = Debug_CI|ARM64
		{68226A70-C3CD-4205-93AA-95F3EBB8BE34}.Debug_CI|x64.ActiveCfg = Debug_CI|x64
		{68226A70-C3CD-4205-93AA-95F3EBB8BE34}.Debug_CI|x64.Build.0 = Debug_CI|x64
		{68226A70-C3CD-4205-93AA-95F3EBB8BE34}.Debug_CI|x64.Deploy.0 = Debug_CI|x64
		{68226A70-C3CD-4205-93AA-95F3EBB8BE34}.Debug_CI|x86.ActiveCfg = Debug_CI|Win32
		{68226A70-C3CD-4205-93AA-95F3EBB8BE34}.Debug_CI|x86.Build.0 = Debug_CI|Win32
		{68226A70-C3CD-4205-93AA-95F3EBB8BE34}.Debug_CI|x86.Deploy.0 = Debug_CI|Win32
		{68226A70-C3CD-4205-93AA-95F3EBB8BE34}.Debug|ARM.ActiveCfg = Debug|x64
		{68226A70-C3CD-4205-93AA-95F3EBB8BE34}.Debug|ARM.Build.0 = Debug|x64
		{68226A70-C3CD-4205-93AA-95F3EBB8BE34}.Debug|ARM.Deploy.0 = Debug|x64
		{68226A70-C3CD-4205-93AA-95F3EBB8BE34}.Debug|ARM64.ActiveCfg = Debug|ARM64
		{68226A70-C3CD-4205-93AA-95F3EBB8BE34}.Debug|ARM64.Build.0 = Debug|ARM64
		{68226A70-C3CD-4205-93AA-95F3EBB8BE34}.Debug|ARM64.Deploy.0 = Debug|ARM64
		{68226A70-C3CD-4205-93AA-95F3EBB8BE34}.Debug|x64.ActiveCfg = Debug|x64
		{68226A70-C3CD-4205-93AA-95F3EBB8BE34}.Debug|x64.Build.0 = Debug|x64
		{68226A70-C3CD-4205-93AA-95F3EBB8BE34}.Debug|x64.Deploy.0 = Debug|x64
		{68226A70-C3CD-4205-93AA-95F3EBB8BE34}.Debug|x86.ActiveCfg = Debug|Win32
		{68226A70-C3CD-4205-93AA-95F3EBB8BE34}.Debug|x86.Build.0 = Debug|Win32
		{68226A70-C3CD-4205-93AA-95F3EBB8BE34}.Debug|x86.Deploy.0 = Debug|Win32
		{68226A70-C3CD-4205-93AA-95F3EBB8BE34}.Release_CI|ARM.ActiveCfg = Release_CI|x64
		{68226A70-C3CD-4205-93AA-95F3EBB8BE34}.Release_CI|ARM.Build.0 = Release_CI|x64
		{68226A70-C3CD-4205-93AA-95F3EBB8BE34}.Release_CI|ARM.Deploy.0 = Release_CI|x64
		{68226A70-C3CD-4205-93AA-95F3EBB8BE34}.Release_CI|ARM64.ActiveCfg = Release_CI|ARM64
		{68226A70-C3CD-4205-93AA-95F3EBB8BE34}.Release_CI|ARM64.Build.0 = Release_CI|ARM64
		{68226A70-C3CD-4205-93AA-95F3EBB8BE34}.Release_CI|ARM64.Deploy.0 = Release_CI|ARM64
		{68226A70-C3CD-4205-93AA-95F3EBB8BE34}.Release_CI|x64.ActiveCfg = Release_CI|x64
		{68226A70-C3CD-4205-93AA-95F3EBB8BE34}.Release_CI|x64.Build.0 = Release_CI|x64
		{68226A70-C3CD-4205-93AA-95F3EBB8BE34}.Release_CI|x64.Deploy.0 = Release_CI|x64
		{68226A70-C3CD-4205-93AA-95F3EBB8BE34}.Release_CI|x86.ActiveCfg = Release_CI|Win32
		{68226A70-C3CD-4205-93AA-95F3EBB8BE34}.Release_CI|x86.Build.0 = Release_CI|Win32
		{68226A70-C3CD-4205-93AA-95F3EBB8BE34}.Release_CI|x86.Deploy.0 = Release_CI|Win32
		{68226A70-C3CD-4205-93AA-95F3EBB8BE34}.Release|ARM.ActiveCfg = Release|x64
		{68226A70-C3CD-4205-93AA-95F3EBB8BE34}.Release|ARM.Build.0 = Release|x64
		{68226A70-C3CD-4205-93AA-95F3EBB8BE34}.Release|ARM.Deploy.0 = Release|x64
		{68226A70-C3CD-4205-93AA-95F3EBB8BE34}.Release|ARM64.ActiveCfg = Release|ARM64
		{68226A70-C3CD-4205-93AA-95F3EBB8BE34}.Release|ARM64.Build.0 = Release|ARM64
		{68226A70-C3CD-4205-93AA-95F3EBB8BE34}.Release|ARM64.Deploy.0 = Release|ARM64
		{68226A70-C3CD-4205-93AA-95F3EBB8BE34}.Release|x64.ActiveCfg = Release|x64
		{68226A70-C3CD-4205-93AA-95F3EBB8BE34}.Release|x64.Build.0 = Release|x64
		{68226A70-C3CD-4205-93AA-95F3EBB8BE34}.Release|x64.Deploy.0 = Release|x64
		{68226A70-C3CD-4205-93AA-95F3EBB8BE34}.Release|x86.ActiveCfg = Release|Win32
		{68226A70-C3CD-4205-93AA-95F3EBB8BE34}.Release|x86.Build.0 = Release|Win32
		{68226A70-C3CD-4205-93AA-95F3EBB8BE34}.Release|x86.Deploy.0 = Release|Win32
		{E006BDA6-4CC1-4EC4-A1CF-807E16BCBF58}.Debug_CI|ARM.ActiveCfg = Debug_CI|x64
		{E006BDA6-4CC1-4EC4-A1CF-807E16BCBF58}.Debug_CI|ARM.Build.0 = Debug_CI|x64
		{E006BDA6-4CC1-4EC4-A1CF-807E16BCBF58}.Debug_CI|ARM64.ActiveCfg = Debug_CI|ARM64
		{E006BDA6-4CC1-4EC4-A1CF-807E16BCBF58}.Debug_CI|ARM64.Build.0 = Debug_CI|ARM64
		{E006BDA6-4CC1-4EC4-A1CF-807E16BCBF58}.Debug_CI|x64.ActiveCfg = Debug_CI|x64
		{E006BDA6-4CC1-4EC4-A1CF-807E16BCBF58}.Debug_CI|x64.Build.0 = Debug_CI|x64
		{E006BDA6-4CC1-4EC4-A1CF-807E16BCBF58}.Debug_CI|x86.ActiveCfg = Debug_CI|Win32
		{E006BDA6-4CC1-4EC4-A1CF-807E16BCBF58}.Debug_CI|x86.Build.0 = Debug_CI|Win32
		{E006BDA6-4CC1-4EC4-A1CF-807E16BCBF58}.Debug|ARM.ActiveCfg = Debug|x64
		{E006BDA6-4CC1-4EC4-A1CF-807E16BCBF58}.Debug|ARM.Build.0 = Debug|x64
		{E006BDA6-4CC1-4EC4-A1CF-807E16BCBF58}.Debug|ARM64.ActiveCfg = Debug|ARM64
		{E006BDA6-4CC1-4EC4-A1CF-807E16BCBF58}.Debug|ARM64.Build.0 = Debug|ARM64
		{E006BDA6-4CC1-4EC4-A1CF-807E16BCBF58}.Debug|x64.ActiveCfg = Debug|x64
		{E006BDA6-4CC1-4EC4-A1CF-807E16BCBF58}.Debug|x64.Build.0 = Debug|x64
		{E006BDA6-4CC1-4EC4-A1CF-807E16BCBF58}.Debug|x86.ActiveCfg = Debug|Win32
		{E006BDA6-4CC1-4EC4-A1CF-807E16BCBF58}.Debug|x86.Build.0 = Debug|Win32
		{E006BDA6-4CC1-4EC4-A1CF-807E16BCBF58}.Release_CI|ARM.ActiveCfg = Release_CI|x64
		{E006BDA6-4CC1-4EC4-A1CF-807E16BCBF58}.Release_CI|ARM.Build.0 = Release_CI|x64
		{E006BDA6-4CC1-4EC4-A1CF-807E16BCBF58}.Release_CI|ARM64.ActiveCfg = Release_CI|ARM64
		{E006BDA6-4CC1-4EC4-A1CF-807E16BCBF58}.Release_CI|ARM64.Build.0 = Release_CI|ARM64
		{E006BDA6-4CC1-4EC4-A1CF-807E16BCBF58}.Release_CI|x64.ActiveCfg = Release_CI|x64
		{E006BDA6-4CC1-4EC4-A1CF-807E16BCBF58}.Release_CI|x64.Build.0 = Release_CI|x64
		{E006BDA6-4CC1-4EC4-A1CF-807E16BCBF58}.Release_CI|x86.ActiveCfg = Release_CI|Win32
		{E006BDA6-4CC1-4EC4-A1CF-807E16BCBF58}.Release_CI|x86.Build.0 = Release_CI|Win32
		{E006BDA6-4CC1-4EC4-A1CF-807E16BCBF58}.Release|ARM.ActiveCfg = Release|x64
		{E006BDA6-4CC1-4EC4-A1CF-807E16BCBF58}.Release|ARM.Build.0 = Release|x64
		{E006BDA6-4CC1-4EC4-A1CF-807E16BCBF58}.Release|ARM64.ActiveCfg = Release|ARM64
		{E006BDA6-4CC1-4EC4-A1CF-807E16BCBF58}.Release|ARM64.Build.0 = Release|ARM64
		{E006BDA6-4CC1-4EC4-A1CF-807E16BCBF58}.Release|x64.ActiveCfg = Release|x64
		{E006BDA6-4CC1-4EC4-A1CF-807E16BCBF58}.Release|x64.Build.0 = Release|x64
		{E006BDA6-4CC1-4EC4-A1CF-807E16BCBF58}.Release|x86.ActiveCfg = Release|Win32
		{E006BDA6-4CC1-4EC4-A1CF-807E16BCBF58}.Release|x86.Build.0 = Release|Win32
		{E8BE60F8-7575-48B7-AF34-E2B627F2844D}.Debug_CI|ARM.ActiveCfg = Debug_CI|ARM
		{E8BE60F8-7575-48B7-AF34-E2B627F2844D}.Debug_CI|ARM.Build.0 = Debug_CI|ARM
		{E8BE60F8-7575-48B7-AF34-E2B627F2844D}.Debug_CI|ARM.Deploy.0 = Debug_CI|ARM
		{E8BE60F8-7575-48B7-AF34-E2B627F2844D}.Debug_CI|ARM64.ActiveCfg = Debug_CI|ARM64
		{E8BE60F8-7575-48B7-AF34-E2B627F2844D}.Debug_CI|ARM64.Build.0 = Debug_CI|ARM64
		{E8BE60F8-7575-48B7-AF34-E2B627F2844D}.Debug_CI|ARM64.Deploy.0 = Debug_CI|ARM64
		{E8BE60F8-7575-48B7-AF34-E2B627F2844D}.Debug_CI|x64.ActiveCfg = Debug_CI|x64
		{E8BE60F8-7575-48B7-AF34-E2B627F2844D}.Debug_CI|x64.Build.0 = Debug_CI|x64
		{E8BE60F8-7575-48B7-AF34-E2B627F2844D}.Debug_CI|x64.Deploy.0 = Debug_CI|x64
		{E8BE60F8-7575-48B7-AF34-E2B627F2844D}.Debug_CI|x86.ActiveCfg = Debug_CI|x86
		{E8BE60F8-7575-48B7-AF34-E2B627F2844D}.Debug_CI|x86.Build.0 = Debug_CI|x86
		{E8BE60F8-7575-48B7-AF34-E2B627F2844D}.Debug_CI|x86.Deploy.0 = Debug_CI|x86
		{E8BE60F8-7575-48B7-AF34-E2B627F2844D}.Debug|ARM.ActiveCfg = Debug|ARM
		{E8BE60F8-7575-48B7-AF34-E2B627F2844D}.Debug|ARM.Build.0 = Debug|ARM
		{E8BE60F8-7575-48B7-AF34-E2B627F2844D}.Debug|ARM.Deploy.0 = Debug|ARM
		{E8BE60F8-7575-48B7-AF34-E2B627F2844D}.Debug|ARM64.ActiveCfg = Debug|ARM64
		{E8BE60F8-7575-48B7-AF34-E2B627F2844D}.Debug|ARM64.Build.0 = Debug|ARM64
		{E8BE60F8-7575-48B7-AF34-E2B627F2844D}.Debug|ARM64.Deploy.0 = Debug|ARM64
		{E8BE60F8-7575-48B7-AF34-E2B627F2844D}.Debug|x64.ActiveCfg = Debug|x64
		{E8BE60F8-7575-48B7-AF34-E2B627F2844D}.Debug|x64.Build.0 = Debug|x64
		{E8BE60F8-7575-48B7-AF34-E2B627F2844D}.Debug|x64.Deploy.0 = Debug|x64
		{E8BE60F8-7575-48B7-AF34-E2B627F2844D}.Debug|x86.ActiveCfg = Debug|x86
		{E8BE60F8-7575-48B7-AF34-E2B627F2844D}.Debug|x86.Build.0 = Debug|x86
		{E8BE60F8-7575-48B7-AF34-E2B627F2844D}.Debug|x86.Deploy.0 = Debug|x86
		{E8BE60F8-7575-48B7-AF34-E2B627F2844D}.Release_CI|ARM.ActiveCfg = Release_CI|ARM
		{E8BE60F8-7575-48B7-AF34-E2B627F2844D}.Release_CI|ARM.Build.0 = Release_CI|ARM
		{E8BE60F8-7575-48B7-AF34-E2B627F2844D}.Release_CI|ARM.Deploy.0 = Release_CI|ARM
		{E8BE60F8-7575-48B7-AF34-E2B627F2844D}.Release_CI|ARM64.ActiveCfg = Release_CI|ARM64
		{E8BE60F8-7575-48B7-AF34-E2B627F2844D}.Release_CI|ARM64.Build.0 = Release_CI|ARM64
		{E8BE60F8-7575-48B7-AF34-E2B627F2844D}.Release_CI|ARM64.Deploy.0 = Release_CI|ARM64
		{E8BE60F8-7575-48B7-AF34-E2B627F2844D}.Release_CI|x64.ActiveCfg = Release_CI|x64
		{E8BE60F8-7575-48B7-AF34-E2B627F2844D}.Release_CI|x64.Build.0 = Release_CI|x64
		{E8BE60F8-7575-48B7-AF34-E2B627F2844D}.Release_CI|x64.Deploy.0 = Release_CI|x64
		{E8BE60F8-7575-48B7-AF34-E2B627F2844D}.Release_CI|x86.ActiveCfg = Release_CI|x86
		{E8BE60F8-7575-48B7-AF34-E2B627F2844D}.Release_CI|x86.Build.0 = Release_CI|x86
		{E8BE60F8-7575-48B7-AF34-E2B627F2844D}.Release_CI|x86.Deploy.0 = Release_CI|x86
		{E8BE60F8-7575-48B7-AF34-E2B627F2844D}.Release|ARM.ActiveCfg = Release|ARM
		{E8BE60F8-7575-48B7-AF34-E2B627F2844D}.Release|ARM.Build.0 = Release|ARM
		{E8BE60F8-7575-48B7-AF34-E2B627F2844D}.Release|ARM.Deploy.0 = Release|ARM
		{E8BE60F8-7575-48B7-AF34-E2B627F2844D}.Release|ARM64.ActiveCfg = Release|ARM64
		{E8BE60F8-7575-48B7-AF34-E2B627F2844D}.Release|ARM64.Build.0 = Release|ARM64
		{E8BE60F8-7575-48B7-AF34-E2B627F2844D}.Release|ARM64.Deploy.0 = Release|ARM64
		{E8BE60F8-7575-48B7-AF34-E2B627F2844D}.Release|x64.ActiveCfg = Release|x64
		{E8BE60F8-7575-48B7-AF34-E2B627F2844D}.Release|x64.Build.0 = Release|x64
		{E8BE60F8-7575-48B7-AF34-E2B627F2844D}.Release|x64.Deploy.0 = Release|x64
		{E8BE60F8-7575-48B7-AF34-E2B627F2844D}.Release|x86.ActiveCfg = Release|x86
		{E8BE60F8-7575-48B7-AF34-E2B627F2844D}.Release|x86.Build.0 = Release|x86
		{E8BE60F8-7575-48B7-AF34-E2B627F2844D}.Release|x86.Deploy.0 = Release|x86
	EndGlobalSection
	GlobalSection(SolutionProperties) = preSolution
		HideSolutionNode = FALSE
	EndGlobalSection
	GlobalSection(NestedProjects) = preSolution
		{0E40EA1B-F85D-42F9-B0AF-8C50C08DD498} = {148D80C3-02AE-4AB5-8D25-739612D033BE}
		{01C8AED1-9F5B-40E9-A3DD-02548A79EB3C} = {00000000-0000-0000-0000-000000000000}
		{68226A70-C3CD-4205-93AA-95F3EBB8BE34} = {A89EF308-E098-4300-A6A8-5E3D9BF7A9BF}
		{E006BDA6-4CC1-4EC4-A1CF-807E16BCBF58} = {148D80C3-02AE-4AB5-8D25-739612D033BE}
		{A89EF308-E098-4300-A6A8-5E3D9BF7A9BF} = {148D80C3-02AE-4AB5-8D25-739612D033BE}
		{E8BE60F8-7575-48B7-AF34-E2B627F2844D} = {A89EF308-E098-4300-A6A8-5E3D9BF7A9BF}
	EndGlobalSection
	GlobalSection(ExtensibilityGlobals) = postSolution
		SolutionGuid = {FC8F22E0-09E5-4965-B6EC-E23350D9A02E}
	EndGlobalSection
EndGlobal
