<?xml version="1.0" encoding="utf-8"?>
<Project ToolsVersion="15.0" xmlns="http://schemas.microsoft.com/developer/msbuild/2003">
  <ItemGroup>
    <Filter Include="include">
      <UniqueIdentifier>{92e46e53-0f3d-44e2-8405-ca87d3a6bea3}</UniqueIdentifier>
    </Filter>
    <Filter Include="Controls">
      <UniqueIdentifier>{db76334f-9dff-4acb-8cdb-6fdfead70be6}</UniqueIdentifier>
    </Filter>
    <Filter Include="Controls\SettingsCard">
      <UniqueIdentifier>{067bcf75-9e30-466d-826c-8dcc962eadc1}</UniqueIdentifier>
    </Filter>
    <Filter Include="Controls\Segmented">
      <UniqueIdentifier>{37121013-2205-49ac-aff0-8d7f90a69296}</UniqueIdentifier>
    </Filter>
    <Filter Include="Controls\Table">
      <UniqueIdentifier>{f30efe60-ccda-451a-84ce-b5442f19dbb1}</UniqueIdentifier>
    </Filter>
    <Filter Include="Helper">
      <UniqueIdentifier>{7f96abb5-4ce1-43b3-93fe-df775d27c492}</UniqueIdentifier>
    </Filter>
  </ItemGroup>
  <ItemGroup>
    <ClCompile Include="pch.cpp" />
    <ClCompile Include="$(GeneratedFilesDir)module.g.cpp" />
  </ItemGroup>
  <ItemGroup>
    <ClInclude Include="pch.h" />
    <ClInclude Include="include\Glyphs.hpp">
      <Filter>include</Filter>
    </ClInclude>
    <ClInclude Include="include\ToastBuilder.hpp">
      <Filter>include</Filter>
    </ClInclude>
    <ClInclude Include="include\ToastTemplates.hpp">
      <Filter>include</Filter>
    </ClInclude>
    <ClInclude Include="include\PropertyChangeHelper.hpp">
      <Filter>include</Filter>
    </ClInclude>
    <ClInclude Include="include\WinUIIncludes.hpp">
      <Filter>include</Filter>
    </ClInclude>
    <ClInclude Include="include\BadgeGlyphs.hpp">
      <Filter>include</Filter>
    </ClInclude>
    <ClInclude Include="include\WindowHelper.hpp">
      <Filter>include</Filter>
    </ClInclude>
    <ClInclude Include="Export.h" />
    <ClInclude Include="include\TemplateControlHelper.hpp">
      <Filter>include</Filter>
    </ClInclude>
    <ClInclude Include="include\TileTemplates.hpp">
      <Filter>include</Filter>
    </ClInclude>
    <ClInclude Include="include\TileBuilder.hpp">
      <Filter>include</Filter>
    </ClInclude>
    <ClInclude Include="include\BuiltInUris.hpp">
      <Filter>include</Filter>
    </ClInclude>
    <ClInclude Include="ListViewBaseWorkaround.hpp">
      <Filter>Controls\Segmented</Filter>
    </ClInclude>
    <ClInclude Include="include\ScopedButtonDisabler.hpp">
      <Filter>include</Filter>
    </ClInclude>
    <ClInclude Include="Table.h">
      <Filter>Controls</Filter>
    </ClInclude>
    <ClInclude Include="VisualTreeHelper.hpp" />
    <ClInclude Include="include\EnsureDependencyProperty.hpp">
      <Filter>include</Filter>
    </ClInclude>
    <ClInclude Include="include\ITableDataBase.hpp">
      <Filter>include</Filter>
    </ClInclude>
  </ItemGroup>
  <ItemGroup>
    <None Include="UWPPackage.def" />
    <None Include="packages.config" />
    <None Include=".nuspec" />
    <None Include="WinUIEssential.UWP.targets" />
    <None Include="vcpkg.json" />
  </ItemGroup>
  <ItemGroup>
    <None Include="PropertySheet.props" />
  </ItemGroup>
  <ItemGroup>
    <Midl Include="SettingsPaneEx.idl" />
    <Midl Include="SettingsCommandEx.idl" />
    <Midl Include="WindowCaptionButtonThemeWorkaround.idl">
      <Filter>Helper</Filter>
    </Midl>
  </ItemGroup>
  <ItemGroup>
    <Page Include="SettingsCard_Resource.xaml">
      <Filter>Controls\SettingsCard</Filter>
    </Page>
    <Page Include="Segmented_Resource.xaml">
      <Filter>Controls\Segmented</Filter>
    </Page>
    <Page Include="SettingsCard_ContentResource.xaml">
      <Filter>Controls\SettingsCard</Filter>
    </Page>
    <Page Include="GroupBox_Resource.xaml">
      <Filter>Controls</Filter>
    </Page>
    <Page Include="MarqueeText_Resource.xaml">
      <Filter>Controls</Filter>
    </Page>
    <Page Include="ProgressBarEx_Resource.xaml">
      <Filter>Controls</Filter>
    </Page>
    <Page Include="SettingsExpander_Resource.xaml">
      <Filter>Controls</Filter>
    </Page>
    <Page Include="Shimmer_Resource.xaml">
      <Filter>Controls</Filter>
    </Page>
    <Page Include="Table.xaml">
      <Filter>Controls\Table</Filter>
    </Page>
    <Page Include="DefaultTableHeaderContextMenu.xaml">
      <Filter>Controls\Table</Filter>
    </Page>
    <Page Include="DefaultTableContextMenu.xaml">
      <Filter>Controls\Table</Filter>
    </Page>
  </ItemGroup>
</Project>